// !$*UTF8*$!
{
	archiveVersion = 1;
	classes = {
	};
	objectVersion = 56;
	objects = {

/* Begin PBXBuildFile section */
		B9004D8F2ABC8C2600408AEF /* LoginView.swift in Sources */ = {isa = PBXBuildFile; fileRef = B9004D8E2ABC8C2600408AEF /* LoginView.swift */; };
		B9004D912ABC8C3E00408AEF /* RegistrationView.swift in Sources */ = {isa = PBXBuildFile; fileRef = B9004D902ABC8C3E00408AEF /* RegistrationView.swift */; };
		B90FE9E52A78271200D4F630 /* UberMapViewRepresentable.swift in Sources */ = {isa = PBXBuildFile; fileRef = B90FE9E42A78271200D4F630 /* UberMapViewRepresentable.swift */; };
		B90FE9E72A782E8800D4F630 /* LocationManager.swift in Sources */ = {isa = PBXBuildFile; fileRef = B90FE9E62A782E8800D4F630 /* LocationManager.swift */; };
		B9203C562ABE1E7800261AFD /* CustomInputField.swift in Sources */ = {isa = PBXBuildFile; fileRef = B9203C552ABE1E7800261AFD /* CustomInputField.swift */; };
		B9332E302A74263B00ADBFCA /* UberSwiftUIApp.swift in Sources */ = {isa = PBXBuildFile; fileRef = B9332E2F2A74263B00ADBFCA /* UberSwiftUIApp.swift */; };
		B9332E342A74263D00ADBFCA /* Assets.xcassets in Resources */ = {isa = PBXBuildFile; fileRef = B9332E332A74263D00ADBFCA /* Assets.xcassets */; };
		B9332E372A74263D00ADBFCA /* Preview Assets.xcassets in Resources */ = {isa = PBXBuildFile; fileRef = B9332E362A74263D00ADBFCA /* Preview Assets.xcassets */; };
		B9332E462A74276800ADBFCA /* HomeView.swift in Sources */ = {isa = PBXBuildFile; fileRef = B9332E452A74276800ADBFCA /* HomeView.swift */; };
		B9649B812A954E91008DBCCC /* RideRequestView.swift in Sources */ = {isa = PBXBuildFile; fileRef = B9649B802A954E91008DBCCC /* RideRequestView.swift */; };
		B99111E62A8D3C4200DE4A55 /* LocationSearchResultCell.swift in Sources */ = {isa = PBXBuildFile; fileRef = B99111E52A8D3C4200DE4A55 /* LocationSearchResultCell.swift */; };
		B99111EB2A8E604A00DE4A55 /* LocationSearchViewModel.swift in Sources */ = {isa = PBXBuildFile; fileRef = B99111EA2A8E604A00DE4A55 /* LocationSearchViewModel.swift */; };
		B9AE93E52AC1DF9A0053A9E1 /* GoogleService-Info.plist in Resources */ = {isa = PBXBuildFile; fileRef = B9AE93E42AC1DF9A0053A9E1 /* GoogleService-Info.plist */; };
		B9AE93E82AC1E1CF0053A9E1 /* FirebaseAuth in Frameworks */ = {isa = PBXBuildFile; productRef = B9AE93E72AC1E1CF0053A9E1 /* FirebaseAuth */; };
		B9AE93EA2AC1E1CF0053A9E1 /* FirebaseFirestore in Frameworks */ = {isa = PBXBuildFile; productRef = B9AE93E92AC1E1CF0053A9E1 /* FirebaseFirestore */; };
		B9AE93EC2AC1E1CF0053A9E1 /* FirebaseFirestoreSwift in Frameworks */ = {isa = PBXBuildFile; productRef = B9AE93EB2AC1E1CF0053A9E1 /* FirebaseFirestoreSwift */; };
		B9AE93EE2AC1E1CF0053A9E1 /* FirebaseStorage in Frameworks */ = {isa = PBXBuildFile; productRef = B9AE93ED2AC1E1CF0053A9E1 /* FirebaseStorage */; };
		B9AE93F02AC1F68B0053A9E1 /* AuthViewModel.swift in Sources */ = {isa = PBXBuildFile; fileRef = B9AE93EF2AC1F68B0053A9E1 /* AuthViewModel.swift */; };
		B9AE93F22AC2246D0053A9E1 /* User.swift in Sources */ = {isa = PBXBuildFile; fileRef = B9AE93F12AC2246D0053A9E1 /* User.swift */; };
		B9AE93F82AC25FFF0053A9E1 /* SideMenuView.swift in Sources */ = {isa = PBXBuildFile; fileRef = B9AE93F72AC25FFF0053A9E1 /* SideMenuView.swift */; };
		B9AE93FA2AC3352D0053A9E1 /* SideMenuViewModel.swift in Sources */ = {isa = PBXBuildFile; fileRef = B9AE93F92AC3352D0053A9E1 /* SideMenuViewModel.swift */; };
		B9AE93FC2AC3369F0053A9E1 /* SideMenuOptionView.swift in Sources */ = {isa = PBXBuildFile; fileRef = B9AE93FB2AC3369F0053A9E1 /* SideMenuOptionView.swift */; };
		B9AE94012AC376110053A9E1 /* SettingsView.swift in Sources */ = {isa = PBXBuildFile; fileRef = B9AE94002AC376110053A9E1 /* SettingsView.swift */; };
		B9AE94032AC37BD90053A9E1 /* SavedLocationRowView.swift in Sources */ = {isa = PBXBuildFile; fileRef = B9AE94022AC37BD90053A9E1 /* SavedLocationRowView.swift */; };
		B9AE94052AC37D350053A9E1 /* SettingsRowView.swift in Sources */ = {isa = PBXBuildFile; fileRef = B9AE94042AC37D350053A9E1 /* SettingsRowView.swift */; };
		B9AE94072AC4C3A70053A9E1 /* SavedLocationViewModel.swift in Sources */ = {isa = PBXBuildFile; fileRef = B9AE94062AC4C3A70053A9E1 /* SavedLocationViewModel.swift */; };
		B9B020E82A855C5500B980C8 /* MapViewActionButton.swift in Sources */ = {isa = PBXBuildFile; fileRef = B9B020E72A855C5500B980C8 /* MapViewActionButton.swift */; };
		B9CE3C9D2A866D5400252F9C /* LocationSearchView.swift in Sources */ = {isa = PBXBuildFile; fileRef = B9CE3C9C2A866D5400252F9C /* LocationSearchView.swift */; };
		B9D129042A818AB500D6DB1C /* LocationSearchActivationView.swift in Sources */ = {isa = PBXBuildFile; fileRef = B9D129032A818AB500D6DB1C /* LocationSearchActivationView.swift */; };
		B9D2ECD52ABA22320062713B /* Double.swift in Sources */ = {isa = PBXBuildFile; fileRef = B9D2ECD42ABA22320062713B /* Double.swift */; };
		B9D2ECD72ABB37730062713B /* UberLocation.swift in Sources */ = {isa = PBXBuildFile; fileRef = B9D2ECD62ABB37730062713B /* UberLocation.swift */; };
		B9D2ECD92ABB61940062713B /* Color.swift in Sources */ = {isa = PBXBuildFile; fileRef = B9D2ECD82ABB61940062713B /* Color.swift */; };
		B9F8F0922A9E7E2F00E3BE7C /* RideType.swift in Sources */ = {isa = PBXBuildFile; fileRef = B9F8F0912A9E7E2F00E3BE7C /* RideType.swift */; };
		B9FC73B62A94FCC3005E4C15 /* MapViewState.swift in Sources */ = {isa = PBXBuildFile; fileRef = B9FC73B52A94FCC3005E4C15 /* MapViewState.swift */; };
/* End PBXBuildFile section */

/* Begin PBXFileReference section */
		B9004D8E2ABC8C2600408AEF /* LoginView.swift */ = {isa = PBXFileReference; lastKnownFileType = sourcecode.swift; path = LoginView.swift; sourceTree = "<group>"; };
		B9004D902ABC8C3E00408AEF /* RegistrationView.swift */ = {isa = PBXFileReference; lastKnownFileType = sourcecode.swift; path = RegistrationView.swift; sourceTree = "<group>"; };
		B90FE9E42A78271200D4F630 /* UberMapViewRepresentable.swift */ = {isa = PBXFileReference; lastKnownFileType = sourcecode.swift; path = UberMapViewRepresentable.swift; sourceTree = "<group>"; };
		B90FE9E62A782E8800D4F630 /* LocationManager.swift */ = {isa = PBXFileReference; lastKnownFileType = sourcecode.swift; path = LocationManager.swift; sourceTree = "<group>"; };
		B9203C552ABE1E7800261AFD /* CustomInputField.swift */ = {isa = PBXFileReference; lastKnownFileType = sourcecode.swift; path = CustomInputField.swift; sourceTree = "<group>"; };
		B9332E2C2A74263B00ADBFCA /* UberSwiftUI.app */ = {isa = PBXFileReference; explicitFileType = wrapper.application; includeInIndex = 0; path = UberSwiftUI.app; sourceTree = BUILT_PRODUCTS_DIR; };
		B9332E2F2A74263B00ADBFCA /* UberSwiftUIApp.swift */ = {isa = PBXFileReference; lastKnownFileType = sourcecode.swift; path = UberSwiftUIApp.swift; sourceTree = "<group>"; };
		B9332E332A74263D00ADBFCA /* Assets.xcassets */ = {isa = PBXFileReference; lastKnownFileType = folder.assetcatalog; path = Assets.xcassets; sourceTree = "<group>"; };
		B9332E362A74263D00ADBFCA /* Preview Assets.xcassets */ = {isa = PBXFileReference; lastKnownFileType = folder.assetcatalog; path = "Preview Assets.xcassets"; sourceTree = "<group>"; };
		B9332E452A74276800ADBFCA /* HomeView.swift */ = {isa = PBXFileReference; lastKnownFileType = sourcecode.swift; path = HomeView.swift; sourceTree = "<group>"; };
		B9649B802A954E91008DBCCC /* RideRequestView.swift */ = {isa = PBXFileReference; lastKnownFileType = sourcecode.swift; path = RideRequestView.swift; sourceTree = "<group>"; };
		B99111E52A8D3C4200DE4A55 /* LocationSearchResultCell.swift */ = {isa = PBXFileReference; lastKnownFileType = sourcecode.swift; path = LocationSearchResultCell.swift; sourceTree = "<group>"; };
		B99111EA2A8E604A00DE4A55 /* LocationSearchViewModel.swift */ = {isa = PBXFileReference; lastKnownFileType = sourcecode.swift; path = LocationSearchViewModel.swift; sourceTree = "<group>"; };
		B9AE93E42AC1DF9A0053A9E1 /* GoogleService-Info.plist */ = {isa = PBXFileReference; fileEncoding = 4; lastKnownFileType = text.plist.xml; path = "GoogleService-Info.plist"; sourceTree = "<group>"; };
		B9AE93EF2AC1F68B0053A9E1 /* AuthViewModel.swift */ = {isa = PBXFileReference; lastKnownFileType = sourcecode.swift; path = AuthViewModel.swift; sourceTree = "<group>"; };
		B9AE93F12AC2246D0053A9E1 /* User.swift */ = {isa = PBXFileReference; lastKnownFileType = sourcecode.swift; path = User.swift; sourceTree = "<group>"; };
		B9AE93F72AC25FFF0053A9E1 /* SideMenuView.swift */ = {isa = PBXFileReference; lastKnownFileType = sourcecode.swift; path = SideMenuView.swift; sourceTree = "<group>"; };
		B9AE93F92AC3352D0053A9E1 /* SideMenuViewModel.swift */ = {isa = PBXFileReference; lastKnownFileType = sourcecode.swift; path = SideMenuViewModel.swift; sourceTree = "<group>"; };
		B9AE93FB2AC3369F0053A9E1 /* SideMenuOptionView.swift */ = {isa = PBXFileReference; lastKnownFileType = sourcecode.swift; path = SideMenuOptionView.swift; sourceTree = "<group>"; };
		B9AE94002AC376110053A9E1 /* SettingsView.swift */ = {isa = PBXFileReference; lastKnownFileType = sourcecode.swift; path = SettingsView.swift; sourceTree = "<group>"; };
		B9AE94022AC37BD90053A9E1 /* SavedLocationRowView.swift */ = {isa = PBXFileReference; lastKnownFileType = sourcecode.swift; path = SavedLocationRowView.swift; sourceTree = "<group>"; };
		B9AE94042AC37D350053A9E1 /* SettingsRowView.swift */ = {isa = PBXFileReference; lastKnownFileType = sourcecode.swift; path = SettingsRowView.swift; sourceTree = "<group>"; };
		B9AE94062AC4C3A70053A9E1 /* SavedLocationViewModel.swift */ = {isa = PBXFileReference; lastKnownFileType = sourcecode.swift; path = SavedLocationViewModel.swift; sourceTree = "<group>"; };
		B9B020E72A855C5500B980C8 /* MapViewActionButton.swift */ = {isa = PBXFileReference; lastKnownFileType = sourcecode.swift; path = MapViewActionButton.swift; sourceTree = "<group>"; };
		B9CE3C9C2A866D5400252F9C /* LocationSearchView.swift */ = {isa = PBXFileReference; lastKnownFileType = sourcecode.swift; path = LocationSearchView.swift; sourceTree = "<group>"; };
		B9D129032A818AB500D6DB1C /* LocationSearchActivationView.swift */ = {isa = PBXFileReference; lastKnownFileType = sourcecode.swift; path = LocationSearchActivationView.swift; sourceTree = "<group>"; };
		B9D2ECD42ABA22320062713B /* Double.swift */ = {isa = PBXFileReference; lastKnownFileType = sourcecode.swift; path = Double.swift; sourceTree = "<group>"; };
		B9D2ECD62ABB37730062713B /* UberLocation.swift */ = {isa = PBXFileReference; lastKnownFileType = sourcecode.swift; path = UberLocation.swift; sourceTree = "<group>"; };
		B9D2ECD82ABB61940062713B /* Color.swift */ = {isa = PBXFileReference; lastKnownFileType = sourcecode.swift; path = Color.swift; sourceTree = "<group>"; };
		B9F8F0912A9E7E2F00E3BE7C /* RideType.swift */ = {isa = PBXFileReference; lastKnownFileType = sourcecode.swift; path = RideType.swift; sourceTree = "<group>"; };
		B9FC73B52A94FCC3005E4C15 /* MapViewState.swift */ = {isa = PBXFileReference; lastKnownFileType = sourcecode.swift; path = MapViewState.swift; sourceTree = "<group>"; };
/* End PBXFileReference section */

/* Begin PBXFrameworksBuildPhase section */
		B9332E292A74263B00ADBFCA /* Frameworks */ = {
			isa = PBXFrameworksBuildPhase;
			buildActionMask = 2147483647;
			files = (
				B9AE93E82AC1E1CF0053A9E1 /* FirebaseAuth in Frameworks */,
				B9AE93EE2AC1E1CF0053A9E1 /* FirebaseStorage in Frameworks */,
				B9AE93EA2AC1E1CF0053A9E1 /* FirebaseFirestore in Frameworks */,
				B9AE93EC2AC1E1CF0053A9E1 /* FirebaseFirestoreSwift in Frameworks */,
			);
			runOnlyForDeploymentPostprocessing = 0;
		};
/* End PBXFrameworksBuildPhase section */

/* Begin PBXGroup section */
		B9004D8B2ABC8B8C00408AEF /* Authentication */ = {
			isa = PBXGroup;
			children = (
				B9004D8C2ABC8BD600408AEF /* ViewModels */,
				B9004D8D2ABC8BDF00408AEF /* Views */,
			);
			path = Authentication;
			sourceTree = "<group>";
		};
		B9004D8C2ABC8BD600408AEF /* ViewModels */ = {
			isa = PBXGroup;
			children = (
				B9AE93EF2AC1F68B0053A9E1 /* AuthViewModel.swift */,
			);
			path = ViewModels;
			sourceTree = "<group>";
		};
		B9004D8D2ABC8BDF00408AEF /* Views */ = {
			isa = PBXGroup;
			children = (
				B9004D8E2ABC8C2600408AEF /* LoginView.swift */,
				B9004D902ABC8C3E00408AEF /* RegistrationView.swift */,
			);
			path = Views;
			sourceTree = "<group>";
		};
		B9203C542ABE1D8C00261AFD /* ReusableItems */ = {
			isa = PBXGroup;
			children = (
				B9203C552ABE1E7800261AFD /* CustomInputField.swift */,
				B9AE94022AC37BD90053A9E1 /* SavedLocationRowView.swift */,
				B9AE94042AC37D350053A9E1 /* SettingsRowView.swift */,
			);
			path = ReusableItems;
			sourceTree = "<group>";
		};
		B9332E232A74263B00ADBFCA = {
			isa = PBXGroup;
			children = (
				B9332E2E2A74263B00ADBFCA /* UberSwiftUI */,
				B9332E2D2A74263B00ADBFCA /* Products */,
			);
			sourceTree = "<group>";
		};
		B9332E2D2A74263B00ADBFCA /* Products */ = {
			isa = PBXGroup;
			children = (
				B9332E2C2A74263B00ADBFCA /* UberSwiftUI.app */,
			);
			name = Products;
			sourceTree = "<group>";
		};
		B9332E2E2A74263B00ADBFCA /* UberSwiftUI */ = {
			isa = PBXGroup;
			children = (
				B9203C542ABE1D8C00261AFD /* ReusableItems */,
				B9332E422A7426B500ADBFCA /* App */,
				B9332E412A7426B200ADBFCA /* Core */,
				B9332E402A7426AE00ADBFCA /* Extensions */,
				B9332E3E2A7426A100ADBFCA /* Managers */,
				B9332E3D2A74269400ADBFCA /* Models */,
				B9AE93E42AC1DF9A0053A9E1 /* GoogleService-Info.plist */,
				B9332E332A74263D00ADBFCA /* Assets.xcassets */,
				B9332E352A74263D00ADBFCA /* Preview Content */,
			);
			path = UberSwiftUI;
			sourceTree = "<group>";
		};
		B9332E352A74263D00ADBFCA /* Preview Content */ = {
			isa = PBXGroup;
			children = (
				B9332E362A74263D00ADBFCA /* Preview Assets.xcassets */,
			);
			path = "Preview Content";
			sourceTree = "<group>";
		};
		B9332E3D2A74269400ADBFCA /* Models */ = {
			isa = PBXGroup;
			children = (
				B9FC73B52A94FCC3005E4C15 /* MapViewState.swift */,
				B9F8F0912A9E7E2F00E3BE7C /* RideType.swift */,
				B9D2ECD62ABB37730062713B /* UberLocation.swift */,
				B9AE93F12AC2246D0053A9E1 /* User.swift */,
			);
			path = Models;
			sourceTree = "<group>";
		};
		B9332E3E2A7426A100ADBFCA /* Managers */ = {
			isa = PBXGroup;
			children = (
				B90FE9E62A782E8800D4F630 /* LocationManager.swift */,
			);
			path = Managers;
			sourceTree = "<group>";
		};
		B9332E402A7426AE00ADBFCA /* Extensions */ = {
			isa = PBXGroup;
			children = (
				B9D2ECD42ABA22320062713B /* Double.swift */,
				B9D2ECD82ABB61940062713B /* Color.swift */,
			);
			path = Extensions;
			sourceTree = "<group>";
		};
		B9332E412A7426B200ADBFCA /* Core */ = {
			isa = PBXGroup;
			children = (
				B9AE93FD2AC375F20053A9E1 /* Settings */,
				B9AE93F32AC25FC70053A9E1 /* SideMenu */,
				B9004D8B2ABC8B8C00408AEF /* Authentication */,
				B9649B7F2A954E6B008DBCCC /* Trips */,
				B94D2A992A7AF65E0087A87D /* LocationSearch */,
				B94D2A982A7AF64F0087A87D /* Home */,
			);
			path = Core;
			sourceTree = "<group>";
		};
		B9332E422A7426B500ADBFCA /* App */ = {
			isa = PBXGroup;
			children = (
				B9332E2F2A74263B00ADBFCA /* UberSwiftUIApp.swift */,
			);
			path = App;
			sourceTree = "<group>";
		};
		B9332E442A74272B00ADBFCA /* Views */ = {
			isa = PBXGroup;
			children = (
				B9332E452A74276800ADBFCA /* HomeView.swift */,
				B90FE9E42A78271200D4F630 /* UberMapViewRepresentable.swift */,
				B9B020E72A855C5500B980C8 /* MapViewActionButton.swift */,
			);
			path = Views;
			sourceTree = "<group>";
		};
		B94D2A982A7AF64F0087A87D /* Home */ = {
			isa = PBXGroup;
			children = (
				B9C2B8302AC503AF00A5451C /* ViewModels */,
				B9332E442A74272B00ADBFCA /* Views */,
			);
			path = Home;
			sourceTree = "<group>";
		};
		B94D2A992A7AF65E0087A87D /* LocationSearch */ = {
			isa = PBXGroup;
			children = (
				B94D2A9B2A7AF6700087A87D /* ViewModels */,
				B94D2A9A2A7AF6680087A87D /* Views */,
			);
			path = LocationSearch;
			sourceTree = "<group>";
		};
		B94D2A9A2A7AF6680087A87D /* Views */ = {
			isa = PBXGroup;
			children = (
				B9D129032A818AB500D6DB1C /* LocationSearchActivationView.swift */,
				B9CE3C9C2A866D5400252F9C /* LocationSearchView.swift */,
				B99111E52A8D3C4200DE4A55 /* LocationSearchResultCell.swift */,
			);
			path = Views;
			sourceTree = "<group>";
		};
		B94D2A9B2A7AF6700087A87D /* ViewModels */ = {
			isa = PBXGroup;
			children = (
				B99111EA2A8E604A00DE4A55 /* LocationSearchViewModel.swift */,
			);
			path = ViewModels;
			sourceTree = "<group>";
		};
		B9649B7F2A954E6B008DBCCC /* Trips */ = {
			isa = PBXGroup;
			children = (
				B9649B802A954E91008DBCCC /* RideRequestView.swift */,
			);
			path = Trips;
			sourceTree = "<group>";
		};
		B9AE93F32AC25FC70053A9E1 /* SideMenu */ = {
			isa = PBXGroup;
			children = (
				B9AE93F62AC25FE30053A9E1 /* ViewModels */,
				B9AE93F42AC25FD00053A9E1 /* Views */,
			);
			path = SideMenu;
			sourceTree = "<group>";
		};
		B9AE93F42AC25FD00053A9E1 /* Views */ = {
			isa = PBXGroup;
			children = (
				B9AE93F72AC25FFF0053A9E1 /* SideMenuView.swift */,
				B9AE93FB2AC3369F0053A9E1 /* SideMenuOptionView.swift */,
			);
			path = Views;
			sourceTree = "<group>";
		};
		B9AE93F62AC25FE30053A9E1 /* ViewModels */ = {
			isa = PBXGroup;
			children = (
				B9AE93F92AC3352D0053A9E1 /* SideMenuViewModel.swift */,
			);
			path = ViewModels;
			sourceTree = "<group>";
		};
		B9AE93FD2AC375F20053A9E1 /* Settings */ = {
			isa = PBXGroup;
			children = (
				B9AE93FF2AC375FD0053A9E1 /* ViewModels */,
				B9AE93FE2AC375F90053A9E1 /* Views */,
			);
			path = Settings;
			sourceTree = "<group>";
		};
		B9AE93FE2AC375F90053A9E1 /* Views */ = {
			isa = PBXGroup;
			children = (
				B9AE94002AC376110053A9E1 /* SettingsView.swift */,
			);
			path = Views;
			sourceTree = "<group>";
		};
		B9AE93FF2AC375FD0053A9E1 /* ViewModels */ = {
			isa = PBXGroup;
			children = (
				B9AE94062AC4C3A70053A9E1 /* SavedLocationViewModel.swift */,
			);
			path = ViewModels;
			sourceTree = "<group>";
		};
		B9C2B8302AC503AF00A5451C /* ViewModels */ = {
			isa = PBXGroup;
			children = (
			);
			path = ViewModels;
			sourceTree = "<group>";
		};
/* End PBXGroup section */

/* Begin PBXNativeTarget section */
		B9332E2B2A74263B00ADBFCA /* UberSwiftUI */ = {
			isa = PBXNativeTarget;
			buildConfigurationList = B9332E3A2A74263D00ADBFCA /* Build configuration list for PBXNativeTarget "UberSwiftUI" */;
			buildPhases = (
				B9332E282A74263B00ADBFCA /* Sources */,
				B9332E292A74263B00ADBFCA /* Frameworks */,
				B9332E2A2A74263B00ADBFCA /* Resources */,
			);
			buildRules = (
			);
			dependencies = (
			);
			name = UberSwiftUI;
			packageProductDependencies = (
				B9AE93E72AC1E1CF0053A9E1 /* FirebaseAuth */,
				B9AE93E92AC1E1CF0053A9E1 /* FirebaseFirestore */,
				B9AE93EB2AC1E1CF0053A9E1 /* FirebaseFirestoreSwift */,
				B9AE93ED2AC1E1CF0053A9E1 /* FirebaseStorage */,
			);
			productName = UberSwiftUI;
			productReference = B9332E2C2A74263B00ADBFCA /* UberSwiftUI.app */;
			productType = "com.apple.product-type.application";
		};
/* End PBXNativeTarget section */

/* Begin PBXProject section */
		B9332E242A74263B00ADBFCA /* Project object */ = {
			isa = PBXProject;
			attributes = {
				BuildIndependentTargetsInParallel = 1;
				LastSwiftUpdateCheck = 1420;
				LastUpgradeCheck = 1420;
				TargetAttributes = {
					B9332E2B2A74263B00ADBFCA = {
						CreatedOnToolsVersion = 14.2;
					};
				};
			};
			buildConfigurationList = B9332E272A74263B00ADBFCA /* Build configuration list for PBXProject "UberSwiftUI" */;
			compatibilityVersion = "Xcode 14.0";
			developmentRegion = en;
			hasScannedForEncodings = 0;
			knownRegions = (
				en,
				Base,
			);
			mainGroup = B9332E232A74263B00ADBFCA;
			packageReferences = (
				B9AE93E62AC1E1CF0053A9E1 /* XCRemoteSwiftPackageReference "firebase-ios-sdk" */,
			);
			productRefGroup = B9332E2D2A74263B00ADBFCA /* Products */;
			projectDirPath = "";
			projectRoot = "";
			targets = (
				B9332E2B2A74263B00ADBFCA /* UberSwiftUI */,
			);
		};
/* End PBXProject section */

/* Begin PBXResourcesBuildPhase section */
		B9332E2A2A74263B00ADBFCA /* Resources */ = {
			isa = PBXResourcesBuildPhase;
			buildActionMask = 2147483647;
			files = (
				B9332E372A74263D00ADBFCA /* Preview Assets.xcassets in Resources */,
				B9332E342A74263D00ADBFCA /* Assets.xcassets in Resources */,
				B9AE93E52AC1DF9A0053A9E1 /* GoogleService-Info.plist in Resources */,
			);
			runOnlyForDeploymentPostprocessing = 0;
		};
/* End PBXResourcesBuildPhase section */

/* Begin PBXSourcesBuildPhase section */
		B9332E282A74263B00ADBFCA /* Sources */ = {
			isa = PBXSourcesBuildPhase;
			buildActionMask = 2147483647;
			files = (
				B99111EB2A8E604A00DE4A55 /* LocationSearchViewModel.swift in Sources */,
				B9AE94032AC37BD90053A9E1 /* SavedLocationRowView.swift in Sources */,
				B9CE3C9D2A866D5400252F9C /* LocationSearchView.swift in Sources */,
				B90FE9E72A782E8800D4F630 /* LocationManager.swift in Sources */,
				B9649B812A954E91008DBCCC /* RideRequestView.swift in Sources */,
				B9D2ECD52ABA22320062713B /* Double.swift in Sources */,
				B9004D912ABC8C3E00408AEF /* RegistrationView.swift in Sources */,
				B9AE93F02AC1F68B0053A9E1 /* AuthViewModel.swift in Sources */,
				B9FC73B62A94FCC3005E4C15 /* MapViewState.swift in Sources */,
				B9AE94072AC4C3A70053A9E1 /* SavedLocationViewModel.swift in Sources */,
				B9AE93F22AC2246D0053A9E1 /* User.swift in Sources */,
				B9AE94052AC37D350053A9E1 /* SettingsRowView.swift in Sources */,
				B9AE94012AC376110053A9E1 /* SettingsView.swift in Sources */,
				B9B020E82A855C5500B980C8 /* MapViewActionButton.swift in Sources */,
				B9332E462A74276800ADBFCA /* HomeView.swift in Sources */,
				B9D2ECD92ABB61940062713B /* Color.swift in Sources */,
				B90FE9E52A78271200D4F630 /* UberMapViewRepresentable.swift in Sources */,
				B9AE93FC2AC3369F0053A9E1 /* SideMenuOptionView.swift in Sources */,
				B9332E302A74263B00ADBFCA /* UberSwiftUIApp.swift in Sources */,
				B9AE93FA2AC3352D0053A9E1 /* SideMenuViewModel.swift in Sources */,
				B9D2ECD72ABB37730062713B /* UberLocation.swift in Sources */,
				B9AE93F82AC25FFF0053A9E1 /* SideMenuView.swift in Sources */,
				B9D129042A818AB500D6DB1C /* LocationSearchActivationView.swift in Sources */,
				B99111E62A8D3C4200DE4A55 /* LocationSearchResultCell.swift in Sources */,
				B9004D8F2ABC8C2600408AEF /* LoginView.swift in Sources */,
				B9203C562ABE1E7800261AFD /* CustomInputField.swift in Sources */,
				B9F8F0922A9E7E2F00E3BE7C /* RideType.swift in Sources */,
			);
			runOnlyForDeploymentPostprocessing = 0;
		};
/* End PBXSourcesBuildPhase section */

/* Begin XCBuildConfiguration section */
		B9332E382A74263D00ADBFCA /* Debug */ = {
			isa = XCBuildConfiguration;
			buildSettings = {
				ALWAYS_SEARCH_USER_PATHS = NO;
				CLANG_ANALYZER_NONNULL = YES;
				CLANG_ANALYZER_NUMBER_OBJECT_CONVERSION = YES_AGGRESSIVE;
				CLANG_CXX_LANGUAGE_STANDARD = "gnu++20";
				CLANG_ENABLE_MODULES = YES;
				CLANG_ENABLE_OBJC_ARC = YES;
				CLANG_ENABLE_OBJC_WEAK = YES;
				CLANG_WARN_BLOCK_CAPTURE_AUTORELEASING = YES;
				CLANG_WARN_BOOL_CONVERSION = YES;
				CLANG_WARN_COMMA = YES;
				CLANG_WARN_CONSTANT_CONVERSION = YES;
				CLANG_WARN_DEPRECATED_OBJC_IMPLEMENTATIONS = YES;
				CLANG_WARN_DIRECT_OBJC_ISA_USAGE = YES_ERROR;
				CLANG_WARN_DOCUMENTATION_COMMENTS = YES;
				CLANG_WARN_EMPTY_BODY = YES;
				CLANG_WARN_ENUM_CONVERSION = YES;
				CLANG_WARN_INFINITE_RECURSION = YES;
				CLANG_WARN_INT_CONVERSION = YES;
				CLANG_WARN_NON_LITERAL_NULL_CONVERSION = YES;
				CLANG_WARN_OBJC_IMPLICIT_RETAIN_SELF = YES;
				CLANG_WARN_OBJC_LITERAL_CONVERSION = YES;
				CLANG_WARN_OBJC_ROOT_CLASS = YES_ERROR;
				CLANG_WARN_QUOTED_INCLUDE_IN_FRAMEWORK_HEADER = YES;
				CLANG_WARN_RANGE_LOOP_ANALYSIS = YES;
				CLANG_WARN_STRICT_PROTOTYPES = YES;
				CLANG_WARN_SUSPICIOUS_MOVE = YES;
				CLANG_WARN_UNGUARDED_AVAILABILITY = YES_AGGRESSIVE;
				CLANG_WARN_UNREACHABLE_CODE = YES;
				CLANG_WARN__DUPLICATE_METHOD_MATCH = YES;
				COPY_PHASE_STRIP = NO;
				DEBUG_INFORMATION_FORMAT = dwarf;
				ENABLE_STRICT_OBJC_MSGSEND = YES;
				ENABLE_TESTABILITY = YES;
				GCC_C_LANGUAGE_STANDARD = gnu11;
				GCC_DYNAMIC_NO_PIC = NO;
				GCC_NO_COMMON_BLOCKS = YES;
				GCC_OPTIMIZATION_LEVEL = 0;
				GCC_PREPROCESSOR_DEFINITIONS = (
					"DEBUG=1",
					"$(inherited)",
				);
				GCC_WARN_64_TO_32_BIT_CONVERSION = YES;
				GCC_WARN_ABOUT_RETURN_TYPE = YES_ERROR;
				GCC_WARN_UNDECLARED_SELECTOR = YES;
				GCC_WARN_UNINITIALIZED_AUTOS = YES_AGGRESSIVE;
				GCC_WARN_UNUSED_FUNCTION = YES;
				GCC_WARN_UNUSED_VARIABLE = YES;
				IPHONEOS_DEPLOYMENT_TARGET = 16.2;
				MTL_ENABLE_DEBUG_INFO = INCLUDE_SOURCE;
				MTL_FAST_MATH = YES;
				ONLY_ACTIVE_ARCH = YES;
				SDKROOT = iphoneos;
				SWIFT_ACTIVE_COMPILATION_CONDITIONS = DEBUG;
				SWIFT_OPTIMIZATION_LEVEL = "-Onone";
			};
			name = Debug;
		};
		B9332E392A74263D00ADBFCA /* Release */ = {
			isa = XCBuildConfiguration;
			buildSettings = {
				ALWAYS_SEARCH_USER_PATHS = NO;
				CLANG_ANALYZER_NONNULL = YES;
				CLANG_ANALYZER_NUMBER_OBJECT_CONVERSION = YES_AGGRESSIVE;
				CLANG_CXX_LANGUAGE_STANDARD = "gnu++20";
				CLANG_ENABLE_MODULES = YES;
				CLANG_ENABLE_OBJC_ARC = YES;
				CLANG_ENABLE_OBJC_WEAK = YES;
				CLANG_WARN_BLOCK_CAPTURE_AUTORELEASING = YES;
				CLANG_WARN_BOOL_CONVERSION = YES;
				CLANG_WARN_COMMA = YES;
				CLANG_WARN_CONSTANT_CONVERSION = YES;
				CLANG_WARN_DEPRECATED_OBJC_IMPLEMENTATIONS = YES;
				CLANG_WARN_DIRECT_OBJC_ISA_USAGE = YES_ERROR;
				CLANG_WARN_DOCUMENTATION_COMMENTS = YES;
				CLANG_WARN_EMPTY_BODY = YES;
				CLANG_WARN_ENUM_CONVERSION = YES;
				CLANG_WARN_INFINITE_RECURSION = YES;
				CLANG_WARN_INT_CONVERSION = YES;
				CLANG_WARN_NON_LITERAL_NULL_CONVERSION = YES;
				CLANG_WARN_OBJC_IMPLICIT_RETAIN_SELF = YES;
				CLANG_WARN_OBJC_LITERAL_CONVERSION = YES;
				CLANG_WARN_OBJC_ROOT_CLASS = YES_ERROR;
				CLANG_WARN_QUOTED_INCLUDE_IN_FRAMEWORK_HEADER = YES;
				CLANG_WARN_RANGE_LOOP_ANALYSIS = YES;
				CLANG_WARN_STRICT_PROTOTYPES = YES;
				CLANG_WARN_SUSPICIOUS_MOVE = YES;
				CLANG_WARN_UNGUARDED_AVAILABILITY = YES_AGGRESSIVE;
				CLANG_WARN_UNREACHABLE_CODE = YES;
				CLANG_WARN__DUPLICATE_METHOD_MATCH = YES;
				COPY_PHASE_STRIP = NO;
				DEBUG_INFORMATION_FORMAT = "dwarf-with-dsym";
				ENABLE_NS_ASSERTIONS = NO;
				ENABLE_STRICT_OBJC_MSGSEND = YES;
				GCC_C_LANGUAGE_STANDARD = gnu11;
				GCC_NO_COMMON_BLOCKS = YES;
				GCC_WARN_64_TO_32_BIT_CONVERSION = YES;
				GCC_WARN_ABOUT_RETURN_TYPE = YES_ERROR;
				GCC_WARN_UNDECLARED_SELECTOR = YES;
				GCC_WARN_UNINITIALIZED_AUTOS = YES_AGGRESSIVE;
				GCC_WARN_UNUSED_FUNCTION = YES;
				GCC_WARN_UNUSED_VARIABLE = YES;
				IPHONEOS_DEPLOYMENT_TARGET = 16.2;
				MTL_ENABLE_DEBUG_INFO = NO;
				MTL_FAST_MATH = YES;
				SDKROOT = iphoneos;
				SWIFT_COMPILATION_MODE = wholemodule;
				SWIFT_OPTIMIZATION_LEVEL = "-O";
				VALIDATE_PRODUCT = YES;
			};
			name = Release;
		};
		B9332E3B2A74263D00ADBFCA /* Debug */ = {
			isa = XCBuildConfiguration;
			buildSettings = {
				ASSETCATALOG_COMPILER_APPICON_NAME = AppIcon;
				ASSETCATALOG_COMPILER_GLOBAL_ACCENT_COLOR_NAME = AccentColor;
				CODE_SIGN_STYLE = Automatic;
				CURRENT_PROJECT_VERSION = 1;
				DEVELOPMENT_ASSET_PATHS = "\"UberSwiftUI/Preview Content\"";
				DEVELOPMENT_TEAM = 937VY4WKQX;
				ENABLE_PREVIEWS = YES;
				GENERATE_INFOPLIST_FILE = YES;
				INFOPLIST_KEY_NSLocationWhenInUseUsageDescription = "Please allow us to access your location to find you nearby drivers and rides";
				INFOPLIST_KEY_UIApplicationSceneManifest_Generation = YES;
				INFOPLIST_KEY_UIApplicationSupportsIndirectInputEvents = YES;
				INFOPLIST_KEY_UILaunchScreen_Generation = YES;
				INFOPLIST_KEY_UISupportedInterfaceOrientations_iPad = "UIInterfaceOrientationPortrait UIInterfaceOrientationPortraitUpsideDown UIInterfaceOrientationLandscapeLeft UIInterfaceOrientationLandscapeRight";
				INFOPLIST_KEY_UISupportedInterfaceOrientations_iPhone = "UIInterfaceOrientationPortrait UIInterfaceOrientationLandscapeLeft UIInterfaceOrientationLandscapeRight";
				LD_RUNPATH_SEARCH_PATHS = (
					"$(inherited)",
					"@executable_path/Frameworks",
				);
				MARKETING_VERSION = 1.0;
				PRODUCT_BUNDLE_IDENTIFIER = com.marcoskoch.UberSwiftUI;
				PRODUCT_NAME = "$(TARGET_NAME)";
				SWIFT_EMIT_LOC_STRINGS = YES;
				SWIFT_VERSION = 5.0;
				TARGETED_DEVICE_FAMILY = "1,2";
			};
			name = Debug;
		};
		B9332E3C2A74263D00ADBFCA /* Release */ = {
			isa = XCBuildConfiguration;
			buildSettings = {
				ASSETCATALOG_COMPILER_APPICON_NAME = AppIcon;
				ASSETCATALOG_COMPILER_GLOBAL_ACCENT_COLOR_NAME = AccentColor;
				CODE_SIGN_STYLE = Automatic;
				CURRENT_PROJECT_VERSION = 1;
				DEVELOPMENT_ASSET_PATHS = "\"UberSwiftUI/Preview Content\"";
				DEVELOPMENT_TEAM = 937VY4WKQX;
				ENABLE_PREVIEWS = YES;
				GENERATE_INFOPLIST_FILE = YES;
				INFOPLIST_KEY_NSLocationWhenInUseUsageDescription = "Please allow us to access your location to find you nearby drivers and rides";
				INFOPLIST_KEY_UIApplicationSceneManifest_Generation = YES;
				INFOPLIST_KEY_UIApplicationSupportsIndirectInputEvents = YES;
				INFOPLIST_KEY_UILaunchScreen_Generation = YES;
				INFOPLIST_KEY_UISupportedInterfaceOrientations_iPad = "UIInterfaceOrientationPortrait UIInterfaceOrientationPortraitUpsideDown UIInterfaceOrientationLandscapeLeft UIInterfaceOrientationLandscapeRight";
				INFOPLIST_KEY_UISupportedInterfaceOrientations_iPhone = "UIInterfaceOrientationPortrait UIInterfaceOrientationLandscapeLeft UIInterfaceOrientationLandscapeRight";
				LD_RUNPATH_SEARCH_PATHS = (
					"$(inherited)",
					"@executable_path/Frameworks",
				);
				MARKETING_VERSION = 1.0;
				PRODUCT_BUNDLE_IDENTIFIER = com.marcoskoch.UberSwiftUI;
				PRODUCT_NAME = "$(TARGET_NAME)";
				SWIFT_EMIT_LOC_STRINGS = YES;
				SWIFT_VERSION = 5.0;
				TARGETED_DEVICE_FAMILY = "1,2";
			};
			name = Release;
		};
/* End XCBuildConfiguration section */

/* Begin XCConfigurationList section */
		B9332E272A74263B00ADBFCA /* Build configuration list for PBXProject "UberSwiftUI" */ = {
			isa = XCConfigurationList;
			buildConfigurations = (
				B9332E382A74263D00ADBFCA /* Debug */,
				B9332E392A74263D00ADBFCA /* Release */,
			);
			defaultConfigurationIsVisible = 0;
			defaultConfigurationName = Release;
		};
		B9332E3A2A74263D00ADBFCA /* Build configuration list for PBXNativeTarget "UberSwiftUI" */ = {
			isa = XCConfigurationList;
			buildConfigurations = (
				B9332E3B2A74263D00ADBFCA /* Debug */,
				B9332E3C2A74263D00ADBFCA /* Release */,
			);
			defaultConfigurationIsVisible = 0;
			defaultConfigurationName = Release;
		};
/* End XCConfigurationList section */

/* Begin XCRemoteSwiftPackageReference section */
		B9AE93E62AC1E1CF0053A9E1 /* XCRemoteSwiftPackageReference "firebase-ios-sdk" */ = {
			isa = XCRemoteSwiftPackageReference;
			repositoryURL = "https://github.com/firebase/firebase-ios-sdk";
			requirement = {
				kind = upToNextMajorVersion;
				minimumVersion = 9.0.0;
			};
		};
/* End XCRemoteSwiftPackageReference section */

/* Begin XCSwiftPackageProductDependency section */
		B9AE93E72AC1E1CF0053A9E1 /* FirebaseAuth */ = {
			isa = XCSwiftPackageProductDependency;
			package = B9AE93E62AC1E1CF0053A9E1 /* XCRemoteSwiftPackageReference "firebase-ios-sdk" */;
			productName = FirebaseAuth;
		};
		B9AE93E92AC1E1CF0053A9E1 /* FirebaseFirestore */ = {
			isa = XCSwiftPackageProductDependency;
			package = B9AE93E62AC1E1CF0053A9E1 /* XCRemoteSwiftPackageReference "firebase-ios-sdk" */;
			productName = FirebaseFirestore;
		};
		B9AE93EB2AC1E1CF0053A9E1 /* FirebaseFirestoreSwift */ = {
			isa = XCSwiftPackageProductDependency;
			package = B9AE93E62AC1E1CF0053A9E1 /* XCRemoteSwiftPackageReference "firebase-ios-sdk" */;
			productName = FirebaseFirestoreSwift;
		};
		B9AE93ED2AC1E1CF0053A9E1 /* FirebaseStorage */ = {
			isa = XCSwiftPackageProductDependency;
			package = B9AE93E62AC1E1CF0053A9E1 /* XCRemoteSwiftPackageReference "firebase-ios-sdk" */;
			productName = FirebaseStorage;
		};
/* End XCSwiftPackageProductDependency section */
	};
	rootObject = B9332E242A74263B00ADBFCA /* Project object */;
}
